# This file is generated by running "yarn install" inside your project.
# Manual changes might be lost - proceed with caution!

__metadata:
  version: 8
  cacheKey: 10c0

"ansi-sequence-parser@npm:^1.1.0":
  version: 1.1.1
  resolution: "ansi-sequence-parser@npm:1.1.1"
  checksum: ab2259ccf69f145ecf1418d4e71524158828f44afdf37c7536677871f4cebaa8b176fcb95de8f94a68129357dddc59586597da25f9d4ebf9968f6ef022bf0b31
  languageName: node
  linkType: hard

"balanced-match@npm:^1.0.0":
  version: 1.0.2
  resolution: "balanced-match@npm:1.0.2"
  checksum: 9308baf0a7e4838a82bbfd11e01b1cb0f0cf2893bc1676c27c2a8c0e70cbae1c59120c3268517a8ae7fb6376b4639ef81ca22582611dbee4ed28df945134aaee
  languageName: node
  linkType: hard

"brace-expansion@npm:^2.0.1":
  version: 2.0.1
  resolution: "brace-expansion@npm:2.0.1"
  dependencies:
    balanced-match: "npm:^1.0.0"
  checksum: b358f2fe060e2d7a87aa015979ecea07f3c37d4018f8d6deb5bd4c229ad3a0384fe6029bb76cd8be63c81e516ee52d1a0673edbe2023d53a5191732ae3c3e49f
  languageName: node
  linkType: hard

"jsonc-parser@npm:^3.2.0":
  version: 3.2.0
  resolution: "jsonc-parser@npm:3.2.0"
  checksum: 5a12d4d04dad381852476872a29dcee03a57439574e4181d91dca71904fcdcc5e8e4706c0a68a2c61ad9810e1e1c5806b5100d52d3e727b78f5cdc595401045b
  languageName: node
  linkType: hard

"local-storage-proxy-wrapper@workspace:.":
  version: 0.0.0-use.local
  resolution: "local-storage-proxy-wrapper@workspace:."
  dependencies:
    typedoc: "npm:^0.25.4"
  languageName: unknown
  linkType: soft

"lunr@npm:^2.3.9":
  version: 2.3.9
  resolution: "lunr@npm:2.3.9"
  checksum: 77d7dbb4fbd602aac161e2b50887d8eda28c0fa3b799159cee380fbb311f1e614219126ecbbd2c3a9c685f1720a8109b3c1ca85cc893c39b6c9cc6a62a1d8a8b
  languageName: node
  linkType: hard

"marked@npm:^4.3.0":
  version: 4.3.0
  resolution: "marked@npm:4.3.0"
  bin:
    marked: bin/marked.js
  checksum: 0013463855e31b9c88d8bb2891a611d10ef1dc79f2e3cbff1bf71ba389e04c5971298c886af0be799d7fa9aa4593b086a136062d59f1210b0480b026a8c5dc47
  languageName: node
  linkType: hard

"minimatch@npm:^9.0.3":
  version: 9.0.3
  resolution: "minimatch@npm:9.0.3"
  dependencies:
    brace-expansion: "npm:^2.0.1"
  checksum: 85f407dcd38ac3e180f425e86553911d101455ca3ad5544d6a7cec16286657e4f8a9aa6695803025c55e31e35a91a2252b5dc8e7d527211278b8b65b4dbd5eac
  languageName: node
  linkType: hard

"shiki@npm:^0.14.1":
  version: 0.14.7
  resolution: "shiki@npm:0.14.7"
  dependencies:
    ansi-sequence-parser: "npm:^1.1.0"
    jsonc-parser: "npm:^3.2.0"
    vscode-oniguruma: "npm:^1.7.0"
    vscode-textmate: "npm:^8.0.0"
  checksum: 5c7fcbb870d0facccc7ae2f3410a28121f8e0b3f298e4e956de817ad6ab60a4c7e20a9184edfe50a93447addbb88b95b69e6ef88ac16ac6ca3e94c50771a6459
  languageName: node
  linkType: hard

"typedoc@npm:^0.25.4":
  version: 0.25.4
  resolution: "typedoc@npm:0.25.4"
  dependencies:
    lunr: "npm:^2.3.9"
    marked: "npm:^4.3.0"
    minimatch: "npm:^9.0.3"
    shiki: "npm:^0.14.1"
  peerDependencies:
    typescript: 4.6.x || 4.7.x || 4.8.x || 4.9.x || 5.0.x || 5.1.x || 5.2.x || 5.3.x
  bin:
    typedoc: bin/typedoc
  checksum: 2790b3f16b26a477cfc9b72f81b4f209c885c554f9c7b2557d5d85ea4c8bd6a51584af8d29eec123a26398c4986f52b0c3c7a9c32352a223c33a96bd211f288f
  languageName: node
  linkType: hard

"vscode-oniguruma@npm:^1.7.0":
  version: 1.7.0
  resolution: "vscode-oniguruma@npm:1.7.0"
  checksum: bef0073c665ddf8c86e51da94529c905856559e9aba97a9882f951acd572da560384775941ab6e7e8db94d9c578b25fefb951e4b73c37e8712e16b0231de2689
  languageName: node
  linkType: hard

"vscode-textmate@npm:^8.0.0":
  version: 8.0.0
  resolution: "vscode-textmate@npm:8.0.0"
  checksum: 836f7fe73fc94998a38ca193df48173a2b6eab08b4943d83c8cac9a2a0c3546cfdab4cf1b10b890ec4a4374c5bee03a885ef0e83e7fd2bd618cf00781c017c04
  languageName: node
  linkType: hard
